{
  "version": 1,
  "dependencies": {
    ".NETFramework,Version=v4.8": {
      "BveEx.CoreExtensions": {
        "type": "Direct",
        "requested": "[2.0.0, )",
        "resolved": "2.0.0",
        "contentHash": "GEjHTJbW9BiDOXVBsvwtX9TpNF3l9uzvjXgPicHhp/dOWheJwWLVQQFFEEwHQPuSPIOu4uWEwBJc8xUPtCsTcg==",
        "dependencies": {
          "BveEx.PluginHost": "2.0.0"
        }
      },
      "BveEx.Diagnostics": {
        "type": "Direct",
        "requested": "[2.0.0, )",
        "resolved": "2.0.0",
        "contentHash": "EbWQN8LVvTev+/0jopO024EekcUaPw9GNEwlQBvcb9SLUmlAyvkvydBzxjdXcZjINAaiHro6PMU6JEdn9nue7g=="
      },
      "BveEx.PluginHost": {
        "type": "Direct",
        "requested": "[2.0.5.1, )",
        "resolved": "2.0.5.1",
        "contentHash": "uwGNOzMV/EEw6Yk8/53IVa3sGBxw88UTA4uUBdlShizWMM0FujEMQJ8JFbsmZTZoYT1lUtU7XDVs6G1HfNgjYA=="
      }
    }
  }
}